
Microsoft Visual Studio Solution File, Format Version 12.00
# Visual Studio 15
VisualStudioVersion = 15.0.27130.2027
MinimumVisualStudioVersion = 10.0.40219.1
Project("{FAE04EC0-301F-11D3-BF4B-00C04F79EFBC}") = "HelloWorldService", "HelloWorldService\HelloWorldService.csproj", "{10943565-F5E4-4A75-A9A5-1242E7C36943}"
EndProject
Project("{FAE04EC0-301F-11D3-BF4B-00C04F79EFBC}") = "HostExpressServer", "HostExpressServer\HostExpressServer.csproj", "{F444D26C-5EC3-4002-AC3B-7FF7EA7895F6}"
EndProject
Project("{FAE04EC0-301F-11D3-BF4B-00C04F79EFBC}") = "HelloWorldClient", "HelloWorldClient\HelloWorldClient.csproj", "{82CE4C21-AFAA-4488-9F69-D3B81C168059}"
EndProject
Global
	GlobalSection(SolutionConfigurationPlatforms) = preSolution
		Debug|Any CPU = Debug|Any CPU
		Release|Any CPU = Release|Any CPU
	EndGlobalSection
	GlobalSection(ProjectConfigurationPlatforms) = postSolution
		{10943565-F5E4-4A75-A9A5-1242E7C36943}.Debug|Any CPU.ActiveCfg = Debug|Any CPU
		{10943565-F5E4-4A75-A9A5-1242E7C36943}.Debug|Any CPU.Build.0 = Debug|Any CPU
		{10943565-F5E4-4A75-A9A5-1242E7C36943}.Release|Any CPU.ActiveCfg = Release|Any CPU
		{10943565-F5E4-4A75-A9A5-1242E7C36943}.Release|Any CPU.Build.0 = Release|Any CPU
		{F444D26C-5EC3-4002-AC3B-7FF7EA7895F6}.Debug|Any CPU.ActiveCfg = Debug|Any CPU
		{F444D26C-5EC3-4002-AC3B-7FF7EA7895F6}.Debug|Any CPU.Build.0 = Debug|Any CPU
		{F444D26C-5EC3-4002-AC3B-7FF7EA7895F6}.Release|Any CPU.ActiveCfg = Release|Any CPU
		{F444D26C-5EC3-4002-AC3B-7FF7EA7895F6}.Release|Any CPU.Build.0 = Release|Any CPU
		{82CE4C21-AFAA-4488-9F69-D3B81C168059}.Debug|Any CPU.ActiveCfg = Debug|Any CPU
		{82CE4C21-AFAA-4488-9F69-D3B81C168059}.Debug|Any CPU.Build.0 = Debug|Any CPU
		{82CE4C21-AFAA-4488-9F69-D3B81C168059}.Release|Any CPU.ActiveCfg = Release|Any CPU
		{82CE4C21-AFAA-4488-9F69-D3B81C168059}.Release|Any CPU.Build.0 = Release|Any CPU
	EndGlobalSection
	GlobalSection(SolutionProperties) = preSolution
		HideSolutionNode = FALSE
	EndGlobalSection
	GlobalSection(ExtensibilityGlobals) = postSolution
		SolutionGuid = {297F6A0F-B05F-4356-BFB8-31738FFFC7DE}
	EndGlobalSection
EndGlobal
